// !$*UTF8*$!
{
	archiveVersion = 1;
	classes = {
	};
	objectVersion = 46;
	objects = {

/* Begin PBXBuildFile section */
		21495D511C9DC2B900896BE9 /* AppDelegate.swift in Sources */ = {isa = PBXBuildFile; fileRef = 21495D501C9DC2B900896BE9 /* AppDelegate.swift */; };
		21495D531C9DC2B900896BE9 /* ViewController.swift in Sources */ = {isa = PBXBuildFile; fileRef = 21495D521C9DC2B900896BE9 /* ViewController.swift */; };
		21495D561C9DC2B900896BE9 /* Main.storyboard in Resources */ = {isa = PBXBuildFile; fileRef = 21495D541C9DC2B900896BE9 /* Main.storyboard */; };
		21495D581C9DC2B900896BE9 /* Assets.xcassets in Resources */ = {isa = PBXBuildFile; fileRef = 21495D571C9DC2B900896BE9 /* Assets.xcassets */; };
		21495D5B1C9DC2B900896BE9 /* LaunchScreen.storyboard in Resources */ = {isa = PBXBuildFile; fileRef = 21495D591C9DC2B900896BE9 /* LaunchScreen.storyboard */; };
/* End PBXBuildFile section */

/* Begin PBXFileReference section */
		21495D4D1C9DC2B900896BE9 /* SuperCool.app */ = {isa = PBXFileReference; explicitFileType = wrapper.application; includeInIndex = 0; path = SuperCool.app; sourceTree = BUILT_PRODUCTS_DIR; };
		21495D501C9DC2B900896BE9 /* AppDelegate.swift */ = {isa = PBXFileReference; lastKnownFileType = sourcecode.swift; path = AppDelegate.swift; sourceTree = "<group>"; };
		21495D521C9DC2B900896BE9 /* ViewController.swift */ = {isa = PBXFileReference; lastKnownFileType = sourcecode.swift; path = ViewController.swift; sourceTree = "<group>"; };
		21495D551C9DC2B900896BE9 /* Base */ = {isa = PBXFileReference; lastKnownFileType = file.storyboard; name = Base; path = Base.lproj/Main.storyboard; sourceTree = "<group>"; };
		21495D571C9DC2B900896BE9 /* Assets.xcassets */ = {isa = PBXFileReference; lastKnownFileType = folder.assetcatalog; path = Assets.xcassets; sourceTree = "<group>"; };
		21495D5A1C9DC2B900896BE9 /* Base */ = {isa = PBXFileReference; lastKnownFileType = file.storyboard; name = Base; path = Base.lproj/LaunchScreen.storyboard; sourceTree = "<group>"; };
		21495D5C1C9DC2B900896BE9 /* Info.plist */ = {isa = PBXFileReference; lastKnownFileType = text.plist.xml; path = Info.plist; sourceTree = "<group>"; };
/* End PBXFileReference section */

/* Begin PBXFrameworksBuildPhase section */
		21495D4A1C9DC2B900896BE9 /* Frameworks */ = {
			isa = PBXFrameworksBuildPhase;
			buildActionMask = 2147483647;
			files = (
			);
			runOnlyForDeploymentPostprocessing = 0;
		};
/* End PBXFrameworksBuildPhase section */

/* Begin PBXGroup section */
		21495D441C9DC2B900896BE9 = {
			isa = PBXGroup;
			children = (
				21495D4F1C9DC2B900896BE9 /* SuperCool */,
				21495D4E1C9DC2B900896BE9 /* Products */,
			);
			sourceTree = "<group>";
		};
		21495D4E1C9DC2B900896BE9 /* Products */ = {
			isa = PBXGroup;
			children = (
				21495D4D1C9DC2B900896BE9 /* SuperCool.app */,
			);
			name = Products;
			sourceTree = "<group>";
		};
		21495D4F1C9DC2B900896BE9 /* SuperCool */ = {
			isa = PBXGroup;
			children = (
				21495D501C9DC2B900896BE9 /* AppDelegate.swift */,
				21495D521C9DC2B900896BE9 /* ViewController.swift */,
				21495D541C9DC2B900896BE9 /* Main.storyboard */,
				21495D571C9DC2B900896BE9 /* Assets.xcassets */,
				21495D591C9DC2B900896BE9 /* LaunchScreen.storyboard */,
				21495D5C1C9DC2B900896BE9 /* Info.plist */,
			);
			path = SuperCool;
			sourceTree = "<group>";
		};
/* End PBXGroup section */

/* Begin PBXNativeTarget section */
		21495D4C1C9DC2B900896BE9 /* SuperCool */ = {
			isa = PBXNativeTarget;
			buildConfigurationList = 21495D5F1C9DC2B900896BE9 /* Build configuration list for PBXNativeTarget "SuperCool" */;
			buildPhases = (
				21495D491C9DC2B900896BE9 /* Sources */,
				21495D4A1C9DC2B900896BE9 /* Frameworks */,
				21495D4B1C9DC2B900896BE9 /* Resources */,
			);
			buildRules = (
			);
			dependencies = (
			);
			name = SuperCool;
			productName = SuperCool;
			productReference = 21495D4D1C9DC2B900896BE9 /* SuperCool.app */;
			productType = "com.apple.product-type.application";
		};
/* End PBXNativeTarget section */

/* Begin PBXProject section */
		21495D451C9DC2B900896BE9 /* Project object */ = {
			isa = PBXProject;
			attributes = {
				LastSwiftUpdateCheck = 0720;
				LastUpgradeCheck = 0720;
				ORGANIZATIONNAME = Jabroni;
				TargetAttributes = {
					21495D4C1C9DC2B900896BE9 = {
						CreatedOnToolsVersion = 7.2.1;
						DevelopmentTeam = 6V4QHPLY82;
					};
				};
			};
			buildConfigurationList = 21495D481C9DC2B900896BE9 /* Build configuration list for PBXProject "SuperCool" */;
			compatibilityVersion = "Xcode 3.2";
			developmentRegion = English;
			hasScannedForEncodings = 0;
			knownRegions = (
				en,
				Base,
			);
			mainGroup = 21495D441C9DC2B900896BE9;
			productRefGroup = 21495D4E1C9DC2B900896BE9 /* Products */;
			projectDirPath = "";
			projectRoot = "";
			targets = (
				21495D4C1C9DC2B900896BE9 /* SuperCool */,
			);
		};
/* End PBXProject section */

/* Begin PBXResourcesBuildPhase section */
		21495D4B1C9DC2B900896BE9 /* Resources */ = {
			isa = PBXResourcesBuildPhase;
			buildActionMask = 2147483647;
			files = (
				21495D5B1C9DC2B900896BE9 /* LaunchScreen.storyboard in Resources */,
				21495D581C9DC2B900896BE9 /* Assets.xcassets in Resources */,
				21495D561C9DC2B900896BE9 /* Main.storyboard in Resources */,
			);
			runOnlyForDeploymentPostprocessing = 0;
		};
/* End PBXResourcesBuildPhase section */

/* Begin PBXSourcesBuildPhase section */
		21495D491C9DC2B900896BE9 /* Sources */ = {
			isa = PBXSourcesBuildPhase;
			buildActionMask = 2147483647;
			files = (
				21495D531C9DC2B900896BE9 /* ViewController.swift in Sources */,
				21495D511C9DC2B900896BE9 /* AppDelegate.swift in Sources */,
			);
			runOnlyForDeploymentPostprocessing = 0;
		};
/* End PBXSourcesBuildPhase section */

/* Begin PBXVariantGroup section */
		21495D541C9DC2B900896BE9 /* Main.storyboard */ = {
			isa = PBXVariantGroup;
			children = (
				21495D551C9DC2B900896BE9 /* Base */,
			);
			name = Main.storyboard;
			sourceTree = "<group>";
		};
		21495D591C9DC2B900896BE9 /* LaunchScreen.storyboard */ = {
			isa = PBXVariantGroup;
			children = (
				21495D5A1C9DC2B900896BE9 /* Base */,
			);
			name = LaunchScreen.storyboard;
			sourceTree = "<group>";
		};
/* End PBXVariantGroup section */

/* Begin XCBuildConfiguration section */
		21495D5D1C9DC2B900896BE9 /* Debug */ = {
			isa = XCBuildConfiguration;
			buildSettings = {
				ALWAYS_SEARCH_USER_PATHS = NO;
				CLANG_CXX_LANGUAGE_STANDARD = "gnu++0x";
				CLANG_CXX_LIBRARY = "libc++";
				CLANG_ENABLE_MODULES = YES;
				CLANG_ENABLE_OBJC_ARC = YES;
				CLANG_WARN_BOOL_CONVERSION = YES;
				CLANG_WARN_CONSTANT_CONVERSION = YES;
				CLANG_WARN_DIRECT_OBJC_ISA_USAGE = YES_ERROR;
				CLANG_WARN_EMPTY_BODY = YES;
				CLANG_WARN_ENUM_CONVERSION = YES;
				CLANG_WARN_INT_CONVERSION = YES;
				CLANG_WARN_OBJC_ROOT_CLASS = YES_ERROR;
				CLANG_WARN_UNREACHABLE_CODE = YES;
				CLANG_WARN__DUPLICATE_METHOD_MATCH = YES;
				"CODE_SIGN_IDENTITY[sdk=iphoneos*]" = "iPhone Developer";
				COPY_PHASE_STRIP = NO;
				DEBUG_INFORMATION_FORMAT = dwarf;
				ENABLE_STRICT_OBJC_MSGSEND = YES;
				ENABLE_TESTABILITY = YES;
				GCC_C_LANGUAGE_STANDARD = gnu99;
				GCC_DYNAMIC_NO_PIC = NO;
				GCC_NO_COMMON_BLOCKS = YES;
				GCC_OPTIMIZATION_LEVEL = 0;
				GCC_PREPROCESSOR_DEFINITIONS = (
					"DEBUG=1",
					"$(inherited)",
				);
				GCC_WARN_64_TO_32_BIT_CONVERSION = YES;
				GCC_WARN_ABOUT_RETURN_TYPE = YES_ERROR;
				GCC_WARN_UNDECLARED_SELECTOR = YES;
				GCC_WARN_UNINITIALIZED_AUTOS = YES_AGGRESSIVE;
				GCC_WARN_UNUSED_FUNCTION = YES;
				GCC_WARN_UNUSED_VARIABLE = YES;
				IPHONEOS_DEPLOYMENT_TARGET = 9.2;
				MTL_ENABLE_DEBUG_INFO = YES;
				ONLY_ACTIVE_ARCH = YES;
				SDKROOT = iphoneos;
				SWIFT_OPTIMIZATION_LEVEL = "-Onone";
			};
			name = Debug;
		};
		21495D5E1C9DC2B900896BE9 /* Release */ = {
			isa = XCBuildConfiguration;
			buildSettings = {
				ALWAYS_SEARCH_USER_PATHS = NO;
				CLANG_CXX_LANGUAGE_STANDARD = "gnu++0x";
				CLANG_CXX_LIBRARY = "libc++";
				CLANG_ENABLE_MODULES = YES;
				CLANG_ENABLE_OBJC_ARC = YES;
				CLANG_WARN_BOOL_CONVERSION = YES;
				CLANG_WARN_CONSTANT_CONVERSION = YES;
				CLANG_WARN_DIRECT_OBJC_ISA_USAGE = YES_ERROR;
				CLANG_WARN_EMPTY_BODY = YES;
				CLANG_WARN_ENUM_CONVERSION = YES;
				CLANG_WARN_INT_CONVERSION = YES;
				CLANG_WARN_OBJC_ROOT_CLASS = YES_ERROR;
				CLANG_WARN_UNREACHABLE_CODE = YES;
				CLANG_WARN__DUPLICATE_METHOD_MATCH = YES;
				"CODE_SIGN_IDENTITY[sdk=iphoneos*]" = "iPhone Developer";
				COPY_PHASE_STRIP = NO;
				DEBUG_INFORMATION_FORMAT = "dwarf-with-dsym";
				ENABLE_NS_ASSERTIONS = NO;
				ENABLE_STRICT_OBJC_MSGSEND = YES;
				GCC_C_LANGUAGE_STANDARD = gnu99;
				GCC_NO_COMMON_BLOCKS = YES;
				GCC_WARN_64_TO_32_BIT_CONVERSION = YES;
				GCC_WARN_ABOUT_RETURN_TYPE = YES_ERROR;
				GCC_WARN_UNDECLARED_SELECTOR = YES;
				GCC_WARN_UNINITIALIZED_AUTOS = YES_AGGRESSIVE;
				GCC_WARN_UNUSED_FUNCTION = YES;
				GCC_WARN_UNUSED_VARIABLE = YES;
				IPHONEOS_DEPLOYMENT_TARGET = 9.2;
				MTL_ENABLE_DEBUG_INFO = NO;
				SDKROOT = iphoneos;
				VALIDATE_PRODUCT = YES;
			};
			name = Release;
		};
		21495D601C9DC2B900896BE9 /* Debug */ = {
			isa = XCBuildConfiguration;
			buildSettings = {
				ASSETCATALOG_COMPILER_APPICON_NAME = AppIcon;
				INFOPLIST_FILE = SuperCool/Info.plist;
				LD_RUNPATH_SEARCH_PATHS = "$(inherited) @executable_path/Frameworks";
				PRODUCT_BUNDLE_IDENTIFIER = com.jabroni.SuperCool;
				PRODUCT_NAME = "$(TARGET_NAME)";
			};
			name = Debug;
		};
		21495D611C9DC2B900896BE9 /* Release */ = {
			isa = XCBuildConfiguration;
			buildSettings = {
				ASSETCATALOG_COMPILER_APPICON_NAME = AppIcon;
				INFOPLIST_FILE = SuperCool/Info.plist;
				LD_RUNPATH_SEARCH_PATHS = "$(inherited) @executable_path/Frameworks";
				PRODUCT_BUNDLE_IDENTIFIER = com.jabroni.SuperCool;
				PRODUCT_NAME = "$(TARGET_NAME)";
			};
			name = Release;
		};
/* End XCBuildConfiguration section */

/* Begin XCConfigurationList section */
		21495D481C9DC2B900896BE9 /* Build configuration list for PBXProject "SuperCool" */ = {
			isa = XCConfigurationList;
			buildConfigurations = (
				21495D5D1C9DC2B900896BE9 /* Debug */,
				21495D5E1C9DC2B900896BE9 /* Release */,
			);
			defaultConfigurationIsVisible = 0;
			defaultConfigurationName = Release;
		};
		21495D5F1C9DC2B900896BE9 /* Build configuration list for PBXNativeTarget "SuperCool" */ = {
			isa = XCConfigurationList;
			buildConfigurations = (
				21495D601C9DC2B900896BE9 /* Debug */,
				21495D611C9DC2B900896BE9 /* Release */,
			);
			defaultConfigurationIsVisible = 0;
		};
/* End XCConfigurationList section */
	};
	rootObject = 21495D451C9DC2B900896BE9 /* Project object */;
}
